{
    "_readme": [
        "This file locks the dependencies of your project to a known state",
        "Read more about it at https://getcomposer.org/doc/01-basic-usage.md#composer-lock-the-lock-file",
        "This file is @generated automatically"
    ],
    "hash": "b8efeedc118186a2a5e13ec471121096",
    "packages": [
        {
            "name": "dxw/php-missing",
            "version": "dev-master",
            "source": {
                "type": "git",
                "url": "https://github.com/dxw/php-missing.git",
                "reference": "72eb09d968b42a2069df1aa2168647e017bfe696"
            },
            "dist": {
                "type": "zip",
                "url": "https://api.github.com/repos/dxw/php-missing/zipball/72eb09d968b42a2069df1aa2168647e017bfe696",
                "reference": "72eb09d968b42a2069df1aa2168647e017bfe696",
                "shasum": ""
            },
            "type": "library",
            "autoload": {
                "psr-0": {
                    "Missing": "src/"
                }
            },
            "notification-url": "https://packagist.org/downloads/",
            "license": [
                "MIT"
            ],
            "authors": [
                {
                    "name": "Tom Adams",
                    "email": "tom@dxw.com",
                    "homepage": "http://dxw.com"
                }
            ],
            "description": "The stdlib you wish PHP had",
            "homepage": "https://github.com/dxw/php-missing",
            "time": "2015-10-02 18:21:11"
        }
    ],
    "packages-dev": [],
    "aliases": [],
    "minimum-stability": "stable",
    "stability-flags": {
        "dxw/php-missing": 20
    },
    "prefer-stable": false,
    "prefer-lowest": false,
    "platform": [],
    "platform-dev": []
}
