{
    "_readme": [
        "This file locks the dependencies of your project to a known state",
        "Read more about it at https://getcomposer.org/doc/01-basic-usage.md#composer-lock-the-lock-file",
        "This file is @generated automatically"
    ],
    "hash": "81960e555f5100c23873f60de67cc5ec",
    "content-hash": "9123a649cd330a2213bdadf0047a31a5",
    "packages": [
        {
            "name": "dxw/php-missing",
            "version": "v1.0.0",
            "source": {
                "type": "git",
                "url": "https://github.com/dxw/php-missing.git",
                "reference": "544ce7df568f6296e3811454b0e1df79ceb498b7"
            },
            "dist": {
                "type": "zip",
                "url": "https://api.github.com/repos/dxw/php-missing/zipball/544ce7df568f6296e3811454b0e1df79ceb498b7",
                "reference": "544ce7df568f6296e3811454b0e1df79ceb498b7",
                "shasum": ""
            },
            "require-dev": {
                "phpunit/phpunit": "4.8.*"
            },
            "type": "library",
            "autoload": {
                "psr-4": {
                    "Missing\\": "src/"
                }
            },
            "notification-url": "https://packagist.org/downloads/",
            "license": [
                "MIT"
            ],
            "authors": [
                {
                    "name": "Tom Adams",
                    "email": "tom@dxw.com",
                    "homepage": "http://dxw.com"
                }
            ],
            "description": "The stdlib you wish PHP had",
            "homepage": "https://github.com/dxw/php-missing",
            "time": "2016-05-17 16:56:43"
        }
    ],
    "packages-dev": [],
    "aliases": [],
    "minimum-stability": "stable",
    "stability-flags": [],
    "prefer-stable": false,
    "prefer-lowest": false,
    "platform": [],
    "platform-dev": []
}
